// !$*UTF8*$!
{
	archiveVersion = 1;
	classes = {
	};
	objectVersion = 46;
	objects = {

/* Begin PBXBuildFile section */
		3FD454F11B554CCC009A2BD3 /* AVKit.framework in Frameworks */ = {isa = PBXBuildFile; fileRef = 3FD454F01B554CCC009A2BD3 /* AVKit.framework */; };
		3FD947771B52D3BA0006CF8C /* main.m in Sources */ = {isa = PBXBuildFile; fileRef = 3FD947761B52D3BA0006CF8C /* main.m */; };
		3FD9477A1B52D3BA0006CF8C /* AppDelegate.m in Sources */ = {isa = PBXBuildFile; fileRef = 3FD947791B52D3BA0006CF8C /* AppDelegate.m */; };
		3FD9477D1B52D3BA0006CF8C /* ViewController.m in Sources */ = {isa = PBXBuildFile; fileRef = 3FD9477C1B52D3BA0006CF8C /* ViewController.m */; };
		3FD947801B52D3BA0006CF8C /* Main.storyboard in Resources */ = {isa = PBXBuildFile; fileRef = 3FD9477E1B52D3BA0006CF8C /* Main.storyboard */; };
		3FD947821B52D3BA0006CF8C /* Images.xcassets in Resources */ = {isa = PBXBuildFile; fileRef = 3FD947811B52D3BA0006CF8C /* Images.xcassets */; };
		3FD947851B52D3BA0006CF8C /* LaunchScreen.xib in Resources */ = {isa = PBXBuildFile; fileRef = 3FD947831B52D3BA0006CF8C /* LaunchScreen.xib */; };
		3FD947911B52D3BA0006CF8C /* Homework01Tests.m in Sources */ = {isa = PBXBuildFile; fileRef = 3FD947901B52D3BA0006CF8C /* Homework01Tests.m */; };
		3FD947BC1B52D4580006CF8C /* MKAnnotationView+WebCache.m in Sources */ = {isa = PBXBuildFile; fileRef = 3FD9479C1B52D4580006CF8C /* MKAnnotationView+WebCache.m */; };
		3FD947BD1B52D4580006CF8C /* NSData+ImageContentType.m in Sources */ = {isa = PBXBuildFile; fileRef = 3FD9479E1B52D4580006CF8C /* NSData+ImageContentType.m */; };
		3FD947BE1B52D4580006CF8C /* SDImageCache.m in Sources */ = {isa = PBXBuildFile; fileRef = 3FD947A01B52D4580006CF8C /* SDImageCache.m */; };
		3FD947BF1B52D4580006CF8C /* SDWebImageCompat.m in Sources */ = {isa = PBXBuildFile; fileRef = 3FD947A21B52D4580006CF8C /* SDWebImageCompat.m */; };
		3FD947C01B52D4580006CF8C /* SDWebImageDecoder.m in Sources */ = {isa = PBXBuildFile; fileRef = 3FD947A41B52D4580006CF8C /* SDWebImageDecoder.m */; };
		3FD947C11B52D4580006CF8C /* SDWebImageDownloader.m in Sources */ = {isa = PBXBuildFile; fileRef = 3FD947A61B52D4580006CF8C /* SDWebImageDownloader.m */; };
		3FD947C21B52D4580006CF8C /* SDWebImageDownloaderOperation.m in Sources */ = {isa = PBXBuildFile; fileRef = 3FD947A81B52D4580006CF8C /* SDWebImageDownloaderOperation.m */; };
		3FD947C31B52D4580006CF8C /* SDWebImageManager.m in Sources */ = {isa = PBXBuildFile; fileRef = 3FD947AA1B52D4580006CF8C /* SDWebImageManager.m */; };
		3FD947C41B52D4580006CF8C /* SDWebImagePrefetcher.m in Sources */ = {isa = PBXBuildFile; fileRef = 3FD947AD1B52D4580006CF8C /* SDWebImagePrefetcher.m */; };
		3FD947C51B52D4580006CF8C /* UIButton+WebCache.m in Sources */ = {isa = PBXBuildFile; fileRef = 3FD947AF1B52D4580006CF8C /* UIButton+WebCache.m */; };
		3FD947C61B52D4580006CF8C /* UIImage+GIF.m in Sources */ = {isa = PBXBuildFile; fileRef = 3FD947B11B52D4580006CF8C /* UIImage+GIF.m */; };
		3FD947C71B52D4580006CF8C /* UIImage+MultiFormat.m in Sources */ = {isa = PBXBuildFile; fileRef = 3FD947B31B52D4580006CF8C /* UIImage+MultiFormat.m */; };
		3FD947C81B52D4580006CF8C /* UIImage+WebP.m in Sources */ = {isa = PBXBuildFile; fileRef = 3FD947B51B52D4580006CF8C /* UIImage+WebP.m */; };
		3FD947C91B52D4580006CF8C /* UIImageView+HighlightedWebCache.m in Sources */ = {isa = PBXBuildFile; fileRef = 3FD947B71B52D4580006CF8C /* UIImageView+HighlightedWebCache.m */; };
		3FD947CA1B52D4580006CF8C /* UIImageView+WebCache.m in Sources */ = {isa = PBXBuildFile; fileRef = 3FD947B91B52D4580006CF8C /* UIImageView+WebCache.m */; };
		3FD947CB1B52D4580006CF8C /* UIView+WebCacheOperation.m in Sources */ = {isa = PBXBuildFile; fileRef = 3FD947BB1B52D4580006CF8C /* UIView+WebCacheOperation.m */; };
		3FD947CE1B52E2790006CF8C /* ProgramsTopicsViewController.m in Sources */ = {isa = PBXBuildFile; fileRef = 3FD947CD1B52E2790006CF8C /* ProgramsTopicsViewController.m */; };
		3FD947D11B52FC040006CF8C /* StoriesViewController.m in Sources */ = {isa = PBXBuildFile; fileRef = 3FD947D01B52FC040006CF8C /* StoriesViewController.m */; };
		3FD947D41B52FF7B0006CF8C /* StoryTableViewCell.m in Sources */ = {isa = PBXBuildFile; fileRef = 3FD947D31B52FF7B0006CF8C /* StoryTableViewCell.m */; };
		3FD947D71B531A120006CF8C /* StoryViewController.m in Sources */ = {isa = PBXBuildFile; fileRef = 3FD947D61B531A120006CF8C /* StoryViewController.m */; };
		3FD947DA1B5449B40006CF8C /* WebViewViewController.m in Sources */ = {isa = PBXBuildFile; fileRef = 3FD947D91B5449B40006CF8C /* WebViewViewController.m */; };
/* End PBXBuildFile section */

/* Begin PBXContainerItemProxy section */
		3FD9478B1B52D3BA0006CF8C /* PBXContainerItemProxy */ = {
			isa = PBXContainerItemProxy;
			containerPortal = 3FD947691B52D3BA0006CF8C /* Project object */;
			proxyType = 1;
			remoteGlobalIDString = 3FD947701B52D3BA0006CF8C;
			remoteInfo = Homework01;
		};
/* End PBXContainerItemProxy section */

/* Begin PBXFileReference section */
		3FD454F01B554CCC009A2BD3 /* AVKit.framework */ = {isa = PBXFileReference; lastKnownFileType = wrapper.framework; name = AVKit.framework; path = System/Library/Frameworks/AVKit.framework; sourceTree = SDKROOT; };
		3FD947711B52D3BA0006CF8C /* Homework01.app */ = {isa = PBXFileReference; explicitFileType = wrapper.application; includeInIndex = 0; path = Homework01.app; sourceTree = BUILT_PRODUCTS_DIR; };
		3FD947751B52D3BA0006CF8C /* Info.plist */ = {isa = PBXFileReference; lastKnownFileType = text.plist.xml; path = Info.plist; sourceTree = "<group>"; };
		3FD947761B52D3BA0006CF8C /* main.m */ = {isa = PBXFileReference; lastKnownFileType = sourcecode.c.objc; path = main.m; sourceTree = "<group>"; };
		3FD947781B52D3BA0006CF8C /* AppDelegate.h */ = {isa = PBXFileReference; lastKnownFileType = sourcecode.c.h; path = AppDelegate.h; sourceTree = "<group>"; };
		3FD947791B52D3BA0006CF8C /* AppDelegate.m */ = {isa = PBXFileReference; lastKnownFileType = sourcecode.c.objc; path = AppDelegate.m; sourceTree = "<group>"; };
		3FD9477B1B52D3BA0006CF8C /* ViewController.h */ = {isa = PBXFileReference; lastKnownFileType = sourcecode.c.h; path = ViewController.h; sourceTree = "<group>"; };
		3FD9477C1B52D3BA0006CF8C /* ViewController.m */ = {isa = PBXFileReference; lastKnownFileType = sourcecode.c.objc; path = ViewController.m; sourceTree = "<group>"; };
		3FD9477F1B52D3BA0006CF8C /* Base */ = {isa = PBXFileReference; lastKnownFileType = file.storyboard; name = Base; path = Base.lproj/Main.storyboard; sourceTree = "<group>"; };
		3FD947811B52D3BA0006CF8C /* Images.xcassets */ = {isa = PBXFileReference; lastKnownFileType = folder.assetcatalog; path = Images.xcassets; sourceTree = "<group>"; };
		3FD947841B52D3BA0006CF8C /* Base */ = {isa = PBXFileReference; lastKnownFileType = file.xib; name = Base; path = Base.lproj/LaunchScreen.xib; sourceTree = "<group>"; };
		3FD9478A1B52D3BA0006CF8C /* Homework01Tests.xctest */ = {isa = PBXFileReference; explicitFileType = wrapper.cfbundle; includeInIndex = 0; path = Homework01Tests.xctest; sourceTree = BUILT_PRODUCTS_DIR; };
		3FD9478F1B52D3BA0006CF8C /* Info.plist */ = {isa = PBXFileReference; lastKnownFileType = text.plist.xml; path = Info.plist; sourceTree = "<group>"; };
		3FD947901B52D3BA0006CF8C /* Homework01Tests.m */ = {isa = PBXFileReference; lastKnownFileType = sourcecode.c.objc; path = Homework01Tests.m; sourceTree = "<group>"; };
		3FD9479B1B52D4580006CF8C /* MKAnnotationView+WebCache.h */ = {isa = PBXFileReference; fileEncoding = 4; lastKnownFileType = sourcecode.c.h; path = "MKAnnotationView+WebCache.h"; sourceTree = "<group>"; };
		3FD9479C1B52D4580006CF8C /* MKAnnotationView+WebCache.m */ = {isa = PBXFileReference; fileEncoding = 4; lastKnownFileType = sourcecode.c.objc; path = "MKAnnotationView+WebCache.m"; sourceTree = "<group>"; };
		3FD9479D1B52D4580006CF8C /* NSData+ImageContentType.h */ = {isa = PBXFileReference; fileEncoding = 4; lastKnownFileType = sourcecode.c.h; path = "NSData+ImageContentType.h"; sourceTree = "<group>"; };
		3FD9479E1B52D4580006CF8C /* NSData+ImageContentType.m */ = {isa = PBXFileReference; fileEncoding = 4; lastKnownFileType = sourcecode.c.objc; path = "NSData+ImageContentType.m"; sourceTree = "<group>"; };
		3FD9479F1B52D4580006CF8C /* SDImageCache.h */ = {isa = PBXFileReference; fileEncoding = 4; lastKnownFileType = sourcecode.c.h; path = SDImageCache.h; sourceTree = "<group>"; };
		3FD947A01B52D4580006CF8C /* SDImageCache.m */ = {isa = PBXFileReference; fileEncoding = 4; lastKnownFileType = sourcecode.c.objc; path = SDImageCache.m; sourceTree = "<group>"; };
		3FD947A11B52D4580006CF8C /* SDWebImageCompat.h */ = {isa = PBXFileReference; fileEncoding = 4; lastKnownFileType = sourcecode.c.h; path = SDWebImageCompat.h; sourceTree = "<group>"; };
		3FD947A21B52D4580006CF8C /* SDWebImageCompat.m */ = {isa = PBXFileReference; fileEncoding = 4; lastKnownFileType = sourcecode.c.objc; path = SDWebImageCompat.m; sourceTree = "<group>"; };
		3FD947A31B52D4580006CF8C /* SDWebImageDecoder.h */ = {isa = PBXFileReference; fileEncoding = 4; lastKnownFileType = sourcecode.c.h; path = SDWebImageDecoder.h; sourceTree = "<group>"; };
		3FD947A41B52D4580006CF8C /* SDWebImageDecoder.m */ = {isa = PBXFileReference; fileEncoding = 4; lastKnownFileType = sourcecode.c.objc; path = SDWebImageDecoder.m; sourceTree = "<group>"; };
		3FD947A51B52D4580006CF8C /* SDWebImageDownloader.h */ = {isa = PBXFileReference; fileEncoding = 4; lastKnownFileType = sourcecode.c.h; path = SDWebImageDownloader.h; sourceTree = "<group>"; };
		3FD947A61B52D4580006CF8C /* SDWebImageDownloader.m */ = {isa = PBXFileReference; fileEncoding = 4; lastKnownFileType = sourcecode.c.objc; path = SDWebImageDownloader.m; sourceTree = "<group>"; };
		3FD947A71B52D4580006CF8C /* SDWebImageDownloaderOperation.h */ = {isa = PBXFileReference; fileEncoding = 4; lastKnownFileType = sourcecode.c.h; path = SDWebImageDownloaderOperation.h; sourceTree = "<group>"; };
		3FD947A81B52D4580006CF8C /* SDWebImageDownloaderOperation.m */ = {isa = PBXFileReference; fileEncoding = 4; lastKnownFileType = sourcecode.c.objc; path = SDWebImageDownloaderOperation.m; sourceTree = "<group>"; };
		3FD947A91B52D4580006CF8C /* SDWebImageManager.h */ = {isa = PBXFileReference; fileEncoding = 4; lastKnownFileType = sourcecode.c.h; path = SDWebImageManager.h; sourceTree = "<group>"; };
		3FD947AA1B52D4580006CF8C /* SDWebImageManager.m */ = {isa = PBXFileReference; fileEncoding = 4; lastKnownFileType = sourcecode.c.objc; path = SDWebImageManager.m; sourceTree = "<group>"; };
		3FD947AB1B52D4580006CF8C /* SDWebImageOperation.h */ = {isa = PBXFileReference; fileEncoding = 4; lastKnownFileType = sourcecode.c.h; path = SDWebImageOperation.h; sourceTree = "<group>"; };
		3FD947AC1B52D4580006CF8C /* SDWebImagePrefetcher.h */ = {isa = PBXFileReference; fileEncoding = 4; lastKnownFileType = sourcecode.c.h; path = SDWebImagePrefetcher.h; sourceTree = "<group>"; };
		3FD947AD1B52D4580006CF8C /* SDWebImagePrefetcher.m */ = {isa = PBXFileReference; fileEncoding = 4; lastKnownFileType = sourcecode.c.objc; path = SDWebImagePrefetcher.m; sourceTree = "<group>"; };
		3FD947AE1B52D4580006CF8C /* UIButton+WebCache.h */ = {isa = PBXFileReference; fileEncoding = 4; lastKnownFileType = sourcecode.c.h; path = "UIButton+WebCache.h"; sourceTree = "<group>"; };
		3FD947AF1B52D4580006CF8C /* UIButton+WebCache.m */ = {isa = PBXFileReference; fileEncoding = 4; lastKnownFileType = sourcecode.c.objc; path = "UIButton+WebCache.m"; sourceTree = "<group>"; };
		3FD947B01B52D4580006CF8C /* UIImage+GIF.h */ = {isa = PBXFileReference; fileEncoding = 4; lastKnownFileType = sourcecode.c.h; path = "UIImage+GIF.h"; sourceTree = "<group>"; };
		3FD947B11B52D4580006CF8C /* UIImage+GIF.m */ = {isa = PBXFileReference; fileEncoding = 4; lastKnownFileType = sourcecode.c.objc; path = "UIImage+GIF.m"; sourceTree = "<group>"; };
		3FD947B21B52D4580006CF8C /* UIImage+MultiFormat.h */ = {isa = PBXFileReference; fileEncoding = 4; lastKnownFileType = sourcecode.c.h; path = "UIImage+MultiFormat.h"; sourceTree = "<group>"; };
		3FD947B31B52D4580006CF8C /* UIImage+MultiFormat.m */ = {isa = PBXFileReference; fileEncoding = 4; lastKnownFileType = sourcecode.c.objc; path = "UIImage+MultiFormat.m"; sourceTree = "<group>"; };
		3FD947B41B52D4580006CF8C /* UIImage+WebP.h */ = {isa = PBXFileReference; fileEncoding = 4; lastKnownFileType = sourcecode.c.h; path = "UIImage+WebP.h"; sourceTree = "<group>"; };
		3FD947B51B52D4580006CF8C /* UIImage+WebP.m */ = {isa = PBXFileReference; fileEncoding = 4; lastKnownFileType = sourcecode.c.objc; path = "UIImage+WebP.m"; sourceTree = "<group>"; };
		3FD947B61B52D4580006CF8C /* UIImageView+HighlightedWebCache.h */ = {isa = PBXFileReference; fileEncoding = 4; lastKnownFileType = sourcecode.c.h; path = "UIImageView+HighlightedWebCache.h"; sourceTree = "<group>"; };
		3FD947B71B52D4580006CF8C /* UIImageView+HighlightedWebCache.m */ = {isa = PBXFileReference; fileEncoding = 4; lastKnownFileType = sourcecode.c.objc; path = "UIImageView+HighlightedWebCache.m"; sourceTree = "<group>"; };
		3FD947B81B52D4580006CF8C /* UIImageView+WebCache.h */ = {isa = PBXFileReference; fileEncoding = 4; lastKnownFileType = sourcecode.c.h; path = "UIImageView+WebCache.h"; sourceTree = "<group>"; };
		3FD947B91B52D4580006CF8C /* UIImageView+WebCache.m */ = {isa = PBXFileReference; fileEncoding = 4; lastKnownFileType = sourcecode.c.objc; path = "UIImageView+WebCache.m"; sourceTree = "<group>"; };
		3FD947BA1B52D4580006CF8C /* UIView+WebCacheOperation.h */ = {isa = PBXFileReference; fileEncoding = 4; lastKnownFileType = sourcecode.c.h; path = "UIView+WebCacheOperation.h"; sourceTree = "<group>"; };
		3FD947BB1B52D4580006CF8C /* UIView+WebCacheOperation.m */ = {isa = PBXFileReference; fileEncoding = 4; lastKnownFileType = sourcecode.c.objc; path = "UIView+WebCacheOperation.m"; sourceTree = "<group>"; };
		3FD947CC1B52E2790006CF8C /* ProgramsTopicsViewController.h */ = {isa = PBXFileReference; fileEncoding = 4; lastKnownFileType = sourcecode.c.h; path = ProgramsTopicsViewController.h; sourceTree = "<group>"; };
		3FD947CD1B52E2790006CF8C /* ProgramsTopicsViewController.m */ = {isa = PBXFileReference; fileEncoding = 4; lastKnownFileType = sourcecode.c.objc; path = ProgramsTopicsViewController.m; sourceTree = "<group>"; };
		3FD947CF1B52FC040006CF8C /* StoriesViewController.h */ = {isa = PBXFileReference; fileEncoding = 4; lastKnownFileType = sourcecode.c.h; path = StoriesViewController.h; sourceTree = "<group>"; };
		3FD947D01B52FC040006CF8C /* StoriesViewController.m */ = {isa = PBXFileReference; fileEncoding = 4; lastKnownFileType = sourcecode.c.objc; path = StoriesViewController.m; sourceTree = "<group>"; };
		3FD947D21B52FF7B0006CF8C /* StoryTableViewCell.h */ = {isa = PBXFileReference; fileEncoding = 4; lastKnownFileType = sourcecode.c.h; path = StoryTableViewCell.h; sourceTree = "<group>"; };
		3FD947D31B52FF7B0006CF8C /* StoryTableViewCell.m */ = {isa = PBXFileReference; fileEncoding = 4; lastKnownFileType = sourcecode.c.objc; path = StoryTableViewCell.m; sourceTree = "<group>"; };
		3FD947D51B531A120006CF8C /* StoryViewController.h */ = {isa = PBXFileReference; fileEncoding = 4; lastKnownFileType = sourcecode.c.h; path = StoryViewController.h; sourceTree = "<group>"; };
		3FD947D61B531A120006CF8C /* StoryViewController.m */ = {isa = PBXFileReference; fileEncoding = 4; lastKnownFileType = sourcecode.c.objc; path = StoryViewController.m; sourceTree = "<group>"; };
		3FD947D81B5449B40006CF8C /* WebViewViewController.h */ = {isa = PBXFileReference; fileEncoding = 4; lastKnownFileType = sourcecode.c.h; path = WebViewViewController.h; sourceTree = "<group>"; };
		3FD947D91B5449B40006CF8C /* WebViewViewController.m */ = {isa = PBXFileReference; fileEncoding = 4; lastKnownFileType = sourcecode.c.objc; path = WebViewViewController.m; sourceTree = "<group>"; };
/* End PBXFileReference section */

/* Begin PBXFrameworksBuildPhase section */
		3FD9476E1B52D3BA0006CF8C /* Frameworks */ = {
			isa = PBXFrameworksBuildPhase;
			buildActionMask = 2147483647;
			files = (
				3FD454F11B554CCC009A2BD3 /* AVKit.framework in Frameworks */,
			);
			runOnlyForDeploymentPostprocessing = 0;
		};
		3FD947871B52D3BA0006CF8C /* Frameworks */ = {
			isa = PBXFrameworksBuildPhase;
			buildActionMask = 2147483647;
			files = (
			);
			runOnlyForDeploymentPostprocessing = 0;
		};
/* End PBXFrameworksBuildPhase section */

/* Begin PBXGroup section */
		3FD947681B52D3BA0006CF8C = {
			isa = PBXGroup;
			children = (
				3FD454F01B554CCC009A2BD3 /* AVKit.framework */,
				3FD947731B52D3BA0006CF8C /* Homework01 */,
				3FD9478D1B52D3BA0006CF8C /* Homework01Tests */,
				3FD947721B52D3BA0006CF8C /* Products */,
			);
			sourceTree = "<group>";
		};
		3FD947721B52D3BA0006CF8C /* Products */ = {
			isa = PBXGroup;
			children = (
				3FD947711B52D3BA0006CF8C /* Homework01.app */,
				3FD9478A1B52D3BA0006CF8C /* Homework01Tests.xctest */,
			);
			name = Products;
			sourceTree = "<group>";
		};
		3FD947731B52D3BA0006CF8C /* Homework01 */ = {
			isa = PBXGroup;
			children = (
				3FD947781B52D3BA0006CF8C /* AppDelegate.h */,
				3FD947791B52D3BA0006CF8C /* AppDelegate.m */,
				3FD9477B1B52D3BA0006CF8C /* ViewController.h */,
				3FD9477C1B52D3BA0006CF8C /* ViewController.m */,
				3FD9477E1B52D3BA0006CF8C /* Main.storyboard */,
				3FD947D21B52FF7B0006CF8C /* StoryTableViewCell.h */,
				3FD947D31B52FF7B0006CF8C /* StoryTableViewCell.m */,
				3FD947CC1B52E2790006CF8C /* ProgramsTopicsViewController.h */,
				3FD947CD1B52E2790006CF8C /* ProgramsTopicsViewController.m */,
				3FD947CF1B52FC040006CF8C /* StoriesViewController.h */,
				3FD947D01B52FC040006CF8C /* StoriesViewController.m */,
				3FD947D51B531A120006CF8C /* StoryViewController.h */,
				3FD947D61B531A120006CF8C /* StoryViewController.m */,
				3FD947D81B5449B40006CF8C /* WebViewViewController.h */,
				3FD947D91B5449B40006CF8C /* WebViewViewController.m */,
				3FD947811B52D3BA0006CF8C /* Images.xcassets */,
				3FD947831B52D3BA0006CF8C /* LaunchScreen.xib */,
				3FD947741B52D3BA0006CF8C /* Supporting Files */,
				3FD9479A1B52D4580006CF8C /* SDWebImage */,
			);
			path = Homework01;
			sourceTree = "<group>";
		};
		3FD947741B52D3BA0006CF8C /* Supporting Files */ = {
			isa = PBXGroup;
			children = (
				3FD947751B52D3BA0006CF8C /* Info.plist */,
				3FD947761B52D3BA0006CF8C /* main.m */,
			);
			name = "Supporting Files";
			sourceTree = "<group>";
		};
		3FD9478D1B52D3BA0006CF8C /* Homework01Tests */ = {
			isa = PBXGroup;
			children = (
				3FD947901B52D3BA0006CF8C /* Homework01Tests.m */,
				3FD9478E1B52D3BA0006CF8C /* Supporting Files */,
			);
			path = Homework01Tests;
			sourceTree = "<group>";
		};
		3FD9478E1B52D3BA0006CF8C /* Supporting Files */ = {
			isa = PBXGroup;
			children = (
				3FD9478F1B52D3BA0006CF8C /* Info.plist */,
			);
			name = "Supporting Files";
			sourceTree = "<group>";
		};
		3FD9479A1B52D4580006CF8C /* SDWebImage */ = {
			isa = PBXGroup;
			children = (
				3FD9479B1B52D4580006CF8C /* MKAnnotationView+WebCache.h */,
				3FD9479C1B52D4580006CF8C /* MKAnnotationView+WebCache.m */,
				3FD9479D1B52D4580006CF8C /* NSData+ImageContentType.h */,
				3FD9479E1B52D4580006CF8C /* NSData+ImageContentType.m */,
				3FD9479F1B52D4580006CF8C /* SDImageCache.h */,
				3FD947A01B52D4580006CF8C /* SDImageCache.m */,
				3FD947A11B52D4580006CF8C /* SDWebImageCompat.h */,
				3FD947A21B52D4580006CF8C /* SDWebImageCompat.m */,
				3FD947A31B52D4580006CF8C /* SDWebImageDecoder.h */,
				3FD947A41B52D4580006CF8C /* SDWebImageDecoder.m */,
				3FD947A51B52D4580006CF8C /* SDWebImageDownloader.h */,
				3FD947A61B52D4580006CF8C /* SDWebImageDownloader.m */,
				3FD947A71B52D4580006CF8C /* SDWebImageDownloaderOperation.h */,
				3FD947A81B52D4580006CF8C /* SDWebImageDownloaderOperation.m */,
				3FD947A91B52D4580006CF8C /* SDWebImageManager.h */,
				3FD947AA1B52D4580006CF8C /* SDWebImageManager.m */,
				3FD947AB1B52D4580006CF8C /* SDWebImageOperation.h */,
				3FD947AC1B52D4580006CF8C /* SDWebImagePrefetcher.h */,
				3FD947AD1B52D4580006CF8C /* SDWebImagePrefetcher.m */,
				3FD947AE1B52D4580006CF8C /* UIButton+WebCache.h */,
				3FD947AF1B52D4580006CF8C /* UIButton+WebCache.m */,
				3FD947B01B52D4580006CF8C /* UIImage+GIF.h */,
				3FD947B11B52D4580006CF8C /* UIImage+GIF.m */,
				3FD947B21B52D4580006CF8C /* UIImage+MultiFormat.h */,
				3FD947B31B52D4580006CF8C /* UIImage+MultiFormat.m */,
				3FD947B41B52D4580006CF8C /* UIImage+WebP.h */,
				3FD947B51B52D4580006CF8C /* UIImage+WebP.m */,
				3FD947B61B52D4580006CF8C /* UIImageView+HighlightedWebCache.h */,
				3FD947B71B52D4580006CF8C /* UIImageView+HighlightedWebCache.m */,
				3FD947B81B52D4580006CF8C /* UIImageView+WebCache.h */,
				3FD947B91B52D4580006CF8C /* UIImageView+WebCache.m */,
				3FD947BA1B52D4580006CF8C /* UIView+WebCacheOperation.h */,
				3FD947BB1B52D4580006CF8C /* UIView+WebCacheOperation.m */,
			);
			name = SDWebImage;
			path = "../../../../SDWebImage-master/SDWebImage";
			sourceTree = "<group>";
		};
/* End PBXGroup section */

/* Begin PBXNativeTarget section */
		3FD947701B52D3BA0006CF8C /* Homework01 */ = {
			isa = PBXNativeTarget;
			buildConfigurationList = 3FD947941B52D3BA0006CF8C /* Build configuration list for PBXNativeTarget "Homework01" */;
			buildPhases = (
				3FD9476D1B52D3BA0006CF8C /* Sources */,
				3FD9476E1B52D3BA0006CF8C /* Frameworks */,
				3FD9476F1B52D3BA0006CF8C /* Resources */,
			);
			buildRules = (
			);
			dependencies = (
			);
			name = Homework01;
			productName = Homework01;
			productReference = 3FD947711B52D3BA0006CF8C /* Homework01.app */;
			productType = "com.apple.product-type.application";
		};
		3FD947891B52D3BA0006CF8C /* Homework01Tests */ = {
			isa = PBXNativeTarget;
			buildConfigurationList = 3FD947971B52D3BA0006CF8C /* Build configuration list for PBXNativeTarget "Homework01Tests" */;
			buildPhases = (
				3FD947861B52D3BA0006CF8C /* Sources */,
				3FD947871B52D3BA0006CF8C /* Frameworks */,
				3FD947881B52D3BA0006CF8C /* Resources */,
			);
			buildRules = (
			);
			dependencies = (
				3FD9478C1B52D3BA0006CF8C /* PBXTargetDependency */,
			);
			name = Homework01Tests;
			productName = Homework01Tests;
			productReference = 3FD9478A1B52D3BA0006CF8C /* Homework01Tests.xctest */;
			productType = "com.apple.product-type.bundle.unit-test";
		};
/* End PBXNativeTarget section */

/* Begin PBXProject section */
		3FD947691B52D3BA0006CF8C /* Project object */ = {
			isa = PBXProject;
			attributes = {
				LastUpgradeCheck = 0610;
				ORGANIZATIONNAME = student;
				TargetAttributes = {
					3FD947701B52D3BA0006CF8C = {
						CreatedOnToolsVersion = 6.1.1;
					};
					3FD947891B52D3BA0006CF8C = {
						CreatedOnToolsVersion = 6.1.1;
						TestTargetID = 3FD947701B52D3BA0006CF8C;
					};
				};
			};
			buildConfigurationList = 3FD9476C1B52D3BA0006CF8C /* Build configuration list for PBXProject "Homework01" */;
			compatibilityVersion = "Xcode 3.2";
			developmentRegion = English;
			hasScannedForEncodings = 0;
			knownRegions = (
				en,
				Base,
			);
			mainGroup = 3FD947681B52D3BA0006CF8C;
			productRefGroup = 3FD947721B52D3BA0006CF8C /* Products */;
			projectDirPath = "";
			projectRoot = "";
			targets = (
				3FD947701B52D3BA0006CF8C /* Homework01 */,
				3FD947891B52D3BA0006CF8C /* Homework01Tests */,
			);
		};
/* End PBXProject section */

/* Begin PBXResourcesBuildPhase section */
		3FD9476F1B52D3BA0006CF8C /* Resources */ = {
			isa = PBXResourcesBuildPhase;
			buildActionMask = 2147483647;
			files = (
				3FD947801B52D3BA0006CF8C /* Main.storyboard in Resources */,
				3FD947851B52D3BA0006CF8C /* LaunchScreen.xib in Resources */,
				3FD947821B52D3BA0006CF8C /* Images.xcassets in Resources */,
			);
			runOnlyForDeploymentPostprocessing = 0;
		};
		3FD947881B52D3BA0006CF8C /* Resources */ = {
			isa = PBXResourcesBuildPhase;
			buildActionMask = 2147483647;
			files = (
			);
			runOnlyForDeploymentPostprocessing = 0;
		};
/* End PBXResourcesBuildPhase section */

/* Begin PBXSourcesBuildPhase section */
		3FD9476D1B52D3BA0006CF8C /* Sources */ = {
			isa = PBXSourcesBuildPhase;
			buildActionMask = 2147483647;
			files = (
				3FD947D71B531A120006CF8C /* StoryViewController.m in Sources */,
				3FD947C91B52D4580006CF8C /* UIImageView+HighlightedWebCache.m in Sources */,
				3FD947BD1B52D4580006CF8C /* NSData+ImageContentType.m in Sources */,
				3FD947C31B52D4580006CF8C /* SDWebImageManager.m in Sources */,
				3FD947C11B52D4580006CF8C /* SDWebImageDownloader.m in Sources */,
				3FD947D11B52FC040006CF8C /* StoriesViewController.m in Sources */,
				3FD947C81B52D4580006CF8C /* UIImage+WebP.m in Sources */,
				3FD947CE1B52E2790006CF8C /* ProgramsTopicsViewController.m in Sources */,
				3FD947CB1B52D4580006CF8C /* UIView+WebCacheOperation.m in Sources */,
				3FD947BE1B52D4580006CF8C /* SDImageCache.m in Sources */,
				3FD9477D1B52D3BA0006CF8C /* ViewController.m in Sources */,
				3FD947BC1B52D4580006CF8C /* MKAnnotationView+WebCache.m in Sources */,
				3FD947D41B52FF7B0006CF8C /* StoryTableViewCell.m in Sources */,
				3FD947C01B52D4580006CF8C /* SDWebImageDecoder.m in Sources */,
				3FD947C71B52D4580006CF8C /* UIImage+MultiFormat.m in Sources */,
				3FD947C21B52D4580006CF8C /* SDWebImageDownloaderOperation.m in Sources */,
				3FD9477A1B52D3BA0006CF8C /* AppDelegate.m in Sources */,
				3FD947C51B52D4580006CF8C /* UIButton+WebCache.m in Sources */,
				3FD947DA1B5449B40006CF8C /* WebViewViewController.m in Sources */,
				3FD947C41B52D4580006CF8C /* SDWebImagePrefetcher.m in Sources */,
				3FD947CA1B52D4580006CF8C /* UIImageView+WebCache.m in Sources */,
				3FD947BF1B52D4580006CF8C /* SDWebImageCompat.m in Sources */,
				3FD947C61B52D4580006CF8C /* UIImage+GIF.m in Sources */,
				3FD947771B52D3BA0006CF8C /* main.m in Sources */,
			);
			runOnlyForDeploymentPostprocessing = 0;
		};
		3FD947861B52D3BA0006CF8C /* Sources */ = {
			isa = PBXSourcesBuildPhase;
			buildActionMask = 2147483647;
			files = (
				3FD947911B52D3BA0006CF8C /* Homework01Tests.m in Sources */,
			);
			runOnlyForDeploymentPostprocessing = 0;
		};
/* End PBXSourcesBuildPhase section */

/* Begin PBXTargetDependency section */
		3FD9478C1B52D3BA0006CF8C /* PBXTargetDependency */ = {
			isa = PBXTargetDependency;
			target = 3FD947701B52D3BA0006CF8C /* Homework01 */;
			targetProxy = 3FD9478B1B52D3BA0006CF8C /* PBXContainerItemProxy */;
		};
/* End PBXTargetDependency section */

/* Begin PBXVariantGroup section */
		3FD9477E1B52D3BA0006CF8C /* Main.storyboard */ = {
			isa = PBXVariantGroup;
			children = (
				3FD9477F1B52D3BA0006CF8C /* Base */,
			);
			name = Main.storyboard;
			sourceTree = "<group>";
		};
		3FD947831B52D3BA0006CF8C /* LaunchScreen.xib */ = {
			isa = PBXVariantGroup;
			children = (
				3FD947841B52D3BA0006CF8C /* Base */,
			);
			name = LaunchScreen.xib;
			sourceTree = "<group>";
		};
/* End PBXVariantGroup section */

/* Begin XCBuildConfiguration section */
		3FD947921B52D3BA0006CF8C /* Debug */ = {
			isa = XCBuildConfiguration;
			buildSettings = {
				ALWAYS_SEARCH_USER_PATHS = NO;
				CLANG_CXX_LANGUAGE_STANDARD = "gnu++0x";
				CLANG_CXX_LIBRARY = "libc++";
				CLANG_ENABLE_MODULES = YES;
				CLANG_ENABLE_OBJC_ARC = YES;
				CLANG_WARN_BOOL_CONVERSION = YES;
				CLANG_WARN_CONSTANT_CONVERSION = YES;
				CLANG_WARN_DIRECT_OBJC_ISA_USAGE = YES_ERROR;
				CLANG_WARN_EMPTY_BODY = YES;
				CLANG_WARN_ENUM_CONVERSION = YES;
				CLANG_WARN_INT_CONVERSION = YES;
				CLANG_WARN_OBJC_ROOT_CLASS = YES_ERROR;
				CLANG_WARN_UNREACHABLE_CODE = YES;
				CLANG_WARN__DUPLICATE_METHOD_MATCH = YES;
				"CODE_SIGN_IDENTITY[sdk=iphoneos*]" = "iPhone Developer";
				COPY_PHASE_STRIP = NO;
				ENABLE_STRICT_OBJC_MSGSEND = YES;
				GCC_C_LANGUAGE_STANDARD = gnu99;
				GCC_DYNAMIC_NO_PIC = NO;
				GCC_OPTIMIZATION_LEVEL = 0;
				GCC_PREPROCESSOR_DEFINITIONS = (
					"DEBUG=1",
					"$(inherited)",
				);
				GCC_SYMBOLS_PRIVATE_EXTERN = NO;
				GCC_WARN_64_TO_32_BIT_CONVERSION = YES;
				GCC_WARN_ABOUT_RETURN_TYPE = YES_ERROR;
				GCC_WARN_UNDECLARED_SELECTOR = YES;
				GCC_WARN_UNINITIALIZED_AUTOS = YES_AGGRESSIVE;
				GCC_WARN_UNUSED_FUNCTION = YES;
				GCC_WARN_UNUSED_VARIABLE = YES;
				IPHONEOS_DEPLOYMENT_TARGET = 8.1;
				MTL_ENABLE_DEBUG_INFO = YES;
				ONLY_ACTIVE_ARCH = YES;
				SDKROOT = iphoneos;
				TARGETED_DEVICE_FAMILY = "1,2";
			};
			name = Debug;
		};
		3FD947931B52D3BA0006CF8C /* Release */ = {
			isa = XCBuildConfiguration;
			buildSettings = {
				ALWAYS_SEARCH_USER_PATHS = NO;
				CLANG_CXX_LANGUAGE_STANDARD = "gnu++0x";
				CLANG_CXX_LIBRARY = "libc++";
				CLANG_ENABLE_MODULES = YES;
				CLANG_ENABLE_OBJC_ARC = YES;
				CLANG_WARN_BOOL_CONVERSION = YES;
				CLANG_WARN_CONSTANT_CONVERSION = YES;
				CLANG_WARN_DIRECT_OBJC_ISA_USAGE = YES_ERROR;
				CLANG_WARN_EMPTY_BODY = YES;
				CLANG_WARN_ENUM_CONVERSION = YES;
				CLANG_WARN_INT_CONVERSION = YES;
				CLANG_WARN_OBJC_ROOT_CLASS = YES_ERROR;
				CLANG_WARN_UNREACHABLE_CODE = YES;
				CLANG_WARN__DUPLICATE_METHOD_MATCH = YES;
				"CODE_SIGN_IDENTITY[sdk=iphoneos*]" = "iPhone Developer";
				COPY_PHASE_STRIP = YES;
				ENABLE_NS_ASSERTIONS = NO;
				ENABLE_STRICT_OBJC_MSGSEND = YES;
				GCC_C_LANGUAGE_STANDARD = gnu99;
				GCC_WARN_64_TO_32_BIT_CONVERSION = YES;
				GCC_WARN_ABOUT_RETURN_TYPE = YES_ERROR;
				GCC_WARN_UNDECLARED_SELECTOR = YES;
				GCC_WARN_UNINITIALIZED_AUTOS = YES_AGGRESSIVE;
				GCC_WARN_UNUSED_FUNCTION = YES;
				GCC_WARN_UNUSED_VARIABLE = YES;
				IPHONEOS_DEPLOYMENT_TARGET = 8.1;
				MTL_ENABLE_DEBUG_INFO = NO;
				SDKROOT = iphoneos;
				TARGETED_DEVICE_FAMILY = "1,2";
				VALIDATE_PRODUCT = YES;
			};
			name = Release;
		};
		3FD947951B52D3BA0006CF8C /* Debug */ = {
			isa = XCBuildConfiguration;
			buildSettings = {
				ASSETCATALOG_COMPILER_APPICON_NAME = AppIcon;
				INFOPLIST_FILE = Homework01/Info.plist;
				LD_RUNPATH_SEARCH_PATHS = "$(inherited) @executable_path/Frameworks";
				PRODUCT_NAME = "$(TARGET_NAME)";
			};
			name = Debug;
		};
		3FD947961B52D3BA0006CF8C /* Release */ = {
			isa = XCBuildConfiguration;
			buildSettings = {
				ASSETCATALOG_COMPILER_APPICON_NAME = AppIcon;
				INFOPLIST_FILE = Homework01/Info.plist;
				LD_RUNPATH_SEARCH_PATHS = "$(inherited) @executable_path/Frameworks";
				PRODUCT_NAME = "$(TARGET_NAME)";
			};
			name = Release;
		};
		3FD947981B52D3BA0006CF8C /* Debug */ = {
			isa = XCBuildConfiguration;
			buildSettings = {
				BUNDLE_LOADER = "$(TEST_HOST)";
				FRAMEWORK_SEARCH_PATHS = (
					"$(SDKROOT)/Developer/Library/Frameworks",
					"$(inherited)",
				);
				GCC_PREPROCESSOR_DEFINITIONS = (
					"DEBUG=1",
					"$(inherited)",
				);
				INFOPLIST_FILE = Homework01Tests/Info.plist;
				LD_RUNPATH_SEARCH_PATHS = "$(inherited) @executable_path/Frameworks @loader_path/Frameworks";
				PRODUCT_NAME = "$(TARGET_NAME)";
				TEST_HOST = "$(BUILT_PRODUCTS_DIR)/Homework01.app/Homework01";
			};
			name = Debug;
		};
		3FD947991B52D3BA0006CF8C /* Release */ = {
			isa = XCBuildConfiguration;
			buildSettings = {
				BUNDLE_LOADER = "$(TEST_HOST)";
				FRAMEWORK_SEARCH_PATHS = (
					"$(SDKROOT)/Developer/Library/Frameworks",
					"$(inherited)",
				);
				INFOPLIST_FILE = Homework01Tests/Info.plist;
				LD_RUNPATH_SEARCH_PATHS = "$(inherited) @executable_path/Frameworks @loader_path/Frameworks";
				PRODUCT_NAME = "$(TARGET_NAME)";
				TEST_HOST = "$(BUILT_PRODUCTS_DIR)/Homework01.app/Homework01";
			};
			name = Release;
		};
/* End XCBuildConfiguration section */

/* Begin XCConfigurationList section */
		3FD9476C1B52D3BA0006CF8C /* Build configuration list for PBXProject "Homework01" */ = {
			isa = XCConfigurationList;
			buildConfigurations = (
				3FD947921B52D3BA0006CF8C /* Debug */,
				3FD947931B52D3BA0006CF8C /* Release */,
			);
			defaultConfigurationIsVisible = 0;
			defaultConfigurationName = Release;
		};
		3FD947941B52D3BA0006CF8C /* Build configuration list for PBXNativeTarget "Homework01" */ = {
			isa = XCConfigurationList;
			buildConfigurations = (
				3FD947951B52D3BA0006CF8C /* Debug */,
				3FD947961B52D3BA0006CF8C /* Release */,
			);
			defaultConfigurationIsVisible = 0;
			defaultConfigurationName = Release;
		};
		3FD947971B52D3BA0006CF8C /* Build configuration list for PBXNativeTarget "Homework01Tests" */ = {
			isa = XCConfigurationList;
			buildConfigurations = (
				3FD947981B52D3BA0006CF8C /* Debug */,
				3FD947991B52D3BA0006CF8C /* Release */,
			);
			defaultConfigurationIsVisible = 0;
			defaultConfigurationName = Release;
		};
/* End XCConfigurationList section */
	};
	rootObject = 3FD947691B52D3BA0006CF8C /* Project object */;
}
